
Microsoft Visual Studio Solution File, Format Version 12.00
# Visual Studio Version 17
VisualStudioVersion = 17.11.35312.102
MinimumVisualStudioVersion = 10.0.40219.1
Project("{FAE04EC0-301F-11D3-BF4B-00C04F79EFBC}") = "algorithms", "algorithms\algorithms.csproj", "{7FAE261A-4C3D-45DC-8493-45D7864DF4CB}"
EndProject
Global
	GlobalSection(SolutionConfigurationPlatforms) = preSolution
		Debug|Any CPU = Debug|Any CPU
		Release|Any CPU = Release|Any CPU
	EndGlobalSection
	GlobalSection(ProjectConfigurationPlatforms) = postSolution
		{7FAE261A-4C3D-45DC-8493-45D7864DF4CB}.Debug|Any CPU.ActiveCfg = Debug|Any CPU
		{7FAE261A-4C3D-45DC-8493-45D7864DF4CB}.Debug|Any CPU.Build.0 = Debug|Any CPU
		{7FAE261A-4C3D-45DC-8493-45D7864DF4CB}.Release|Any CPU.ActiveCfg = Release|Any CPU
		{7FAE261A-4C3D-45DC-8493-45D7864DF4CB}.Release|Any CPU.Build.0 = Release|Any CPU
	EndGlobalSection
	GlobalSection(SolutionProperties) = preSolution
		HideSolutionNode = FALSE
	EndGlobalSection
	GlobalSection(ExtensibilityGlobals) = postSolution
		SolutionGuid = {3BC7C4FC-52AA-4348-B983-9DB72CEB2CCE}
	EndGlobalSection
EndGlobal
